
Microsoft Visual Studio Solution File, Format Version 12.00
# Visual Studio 2012
Project("{FAE04EC0-301F-11D3-BF4B-00C04F79EFBC}") = "ServiceStack.Logging.EventLog", "ServiceStack.Logging.EventLog\ServiceStack.Logging.EventLog.csproj", "{D920BA88-E394-4C75-94E3-78D7298A8457}"
EndProject
Project("{FAE04EC0-301F-11D3-BF4B-00C04F79EFBC}") = "ServiceStack.Logging.Log4Net", "ServiceStack.Logging.Log4Net\ServiceStack.Logging.Log4Net.csproj", "{C44A6E80-326E-4036-8906-62E881F4727D}"
EndProject
Project("{FAE04EC0-301F-11D3-BF4B-00C04F79EFBC}") = "ServiceStack.Logging.Log4Netv129", "ServiceStack.Logging.Log4Netv129\ServiceStack.Logging.Log4Netv129.csproj", "{0E1FF796-55CF-4F9B-BA72-484FC9D65065}"
EndProject
Project("{FAE04EC0-301F-11D3-BF4B-00C04F79EFBC}") = "ServiceStack.Logging.Tests", "..\tests\ServiceStack.Logging.Tests\ServiceStack.Logging.Tests.csproj", "{DDDA27EC-5855-4E89-9971-C117EC08BDE3}"
EndProject
Project("{FAE04EC0-301F-11D3-BF4B-00C04F79EFBC}") = "ServiceStack.Logging.NLog", "ServiceStack.Logging.NLog\ServiceStack.Logging.NLog.csproj", "{6B31F200-073C-46D4-B389-05646E035939}"
EndProject
Project("{FAE04EC0-301F-11D3-BF4B-00C04F79EFBC}") = "ServiceStack.Logging.Elmah", "ServiceStack.Logging.Elmah\ServiceStack.Logging.Elmah.csproj", "{EE43BF1E-CF97-4215-A5A3-46D1C363F928}"
EndProject
Project("{2150E333-8FDC-42A3-9474-1A3956D46DE8}") = ".nuget", ".nuget", "{CA7CF53F-9C02-4A5B-B9AF-390B1F7B095C}"
	ProjectSection(SolutionItems) = preProject
		.nuget\NuGet.exe = .nuget\NuGet.exe
		.nuget\NuGet.targets = .nuget\NuGet.targets
		ServiceStack.Logging.Elmah\ServiceStack.Logging.Elmah.nuspec = ServiceStack.Logging.Elmah\ServiceStack.Logging.Elmah.nuspec
		ServiceStack.Logging.EnterpriseLibrary5\ServiceStack.Logging.EntLib5.nuspec = ServiceStack.Logging.EnterpriseLibrary5\ServiceStack.Logging.EntLib5.nuspec
		ServiceStack.Logging.EventLog\ServiceStack.Logging.EventLog.nuspec = ServiceStack.Logging.EventLog\ServiceStack.Logging.EventLog.nuspec
		ServiceStack.Logging.Log4Net\ServiceStack.Logging.Log4Net.nuspec = ServiceStack.Logging.Log4Net\ServiceStack.Logging.Log4Net.nuspec
		ServiceStack.Logging.Log4Netv129\ServiceStack.Logging.Log4Netv129.nuspec = ServiceStack.Logging.Log4Netv129\ServiceStack.Logging.Log4Netv129.nuspec
		ServiceStack.Logging.NLog\ServiceStack.Logging.NLog.nuspec = ServiceStack.Logging.NLog\ServiceStack.Logging.NLog.nuspec
	EndProjectSection
EndProject
Project("{FAE04EC0-301F-11D3-BF4B-00C04F79EFBC}") = "ServiceStack.Logging.Log4Netv1210", "ServiceStack.Logging.Log4Netv1210\ServiceStack.Logging.Log4Netv1210.csproj", "{6A5E3F1C-5F68-4228-805C-2F2374DCC5C0}"
EndProject
Project("{FAE04EC0-301F-11D3-BF4B-00C04F79EFBC}") = "ServiceStack.Logging.EntLib5", "ServiceStack.Logging.EnterpriseLibrary5\ServiceStack.Logging.EntLib5.csproj", "{EDD72ADC-327C-4152-B84B-B48552311534}"
EndProject
Global
	GlobalSection(SolutionConfigurationPlatforms) = preSolution
		Debug|Any CPU = Debug|Any CPU
		Release|Any CPU = Release|Any CPU
	EndGlobalSection
	GlobalSection(ProjectConfigurationPlatforms) = postSolution
		{D920BA88-E394-4C75-94E3-78D7298A8457}.Debug|Any CPU.ActiveCfg = Debug|Any CPU
		{D920BA88-E394-4C75-94E3-78D7298A8457}.Debug|Any CPU.Build.0 = Debug|Any CPU
		{D920BA88-E394-4C75-94E3-78D7298A8457}.Release|Any CPU.ActiveCfg = Release|Any CPU
		{D920BA88-E394-4C75-94E3-78D7298A8457}.Release|Any CPU.Build.0 = Release|Any CPU
		{C44A6E80-326E-4036-8906-62E881F4727D}.Debug|Any CPU.ActiveCfg = Debug|Any CPU
		{C44A6E80-326E-4036-8906-62E881F4727D}.Debug|Any CPU.Build.0 = Debug|Any CPU
		{C44A6E80-326E-4036-8906-62E881F4727D}.Release|Any CPU.ActiveCfg = Release|Any CPU
		{C44A6E80-326E-4036-8906-62E881F4727D}.Release|Any CPU.Build.0 = Release|Any CPU
		{0E1FF796-55CF-4F9B-BA72-484FC9D65065}.Debug|Any CPU.ActiveCfg = Debug|Any CPU
		{0E1FF796-55CF-4F9B-BA72-484FC9D65065}.Debug|Any CPU.Build.0 = Debug|Any CPU
		{0E1FF796-55CF-4F9B-BA72-484FC9D65065}.Release|Any CPU.ActiveCfg = Release|Any CPU
		{0E1FF796-55CF-4F9B-BA72-484FC9D65065}.Release|Any CPU.Build.0 = Release|Any CPU
		{DDDA27EC-5855-4E89-9971-C117EC08BDE3}.Debug|Any CPU.ActiveCfg = Debug|Any CPU
		{DDDA27EC-5855-4E89-9971-C117EC08BDE3}.Debug|Any CPU.Build.0 = Debug|Any CPU
		{DDDA27EC-5855-4E89-9971-C117EC08BDE3}.Release|Any CPU.ActiveCfg = Release|Any CPU
		{DDDA27EC-5855-4E89-9971-C117EC08BDE3}.Release|Any CPU.Build.0 = Release|Any CPU
		{6B31F200-073C-46D4-B389-05646E035939}.Debug|Any CPU.ActiveCfg = Debug|Any CPU
		{6B31F200-073C-46D4-B389-05646E035939}.Debug|Any CPU.Build.0 = Debug|Any CPU
		{6B31F200-073C-46D4-B389-05646E035939}.Release|Any CPU.ActiveCfg = Release|Any CPU
		{6B31F200-073C-46D4-B389-05646E035939}.Release|Any CPU.Build.0 = Release|Any CPU
		{EE43BF1E-CF97-4215-A5A3-46D1C363F928}.Debug|Any CPU.ActiveCfg = Debug|Any CPU
		{EE43BF1E-CF97-4215-A5A3-46D1C363F928}.Debug|Any CPU.Build.0 = Debug|Any CPU
		{EE43BF1E-CF97-4215-A5A3-46D1C363F928}.Release|Any CPU.ActiveCfg = Release|Any CPU
		{EE43BF1E-CF97-4215-A5A3-46D1C363F928}.Release|Any CPU.Build.0 = Release|Any CPU
		{6A5E3F1C-5F68-4228-805C-2F2374DCC5C0}.Debug|Any CPU.ActiveCfg = Debug|Any CPU
		{6A5E3F1C-5F68-4228-805C-2F2374DCC5C0}.Debug|Any CPU.Build.0 = Debug|Any CPU
		{6A5E3F1C-5F68-4228-805C-2F2374DCC5C0}.Release|Any CPU.ActiveCfg = Release|Any CPU
		{6A5E3F1C-5F68-4228-805C-2F2374DCC5C0}.Release|Any CPU.Build.0 = Release|Any CPU
		{EDD72ADC-327C-4152-B84B-B48552311534}.Debug|Any CPU.ActiveCfg = Debug|Any CPU
		{EDD72ADC-327C-4152-B84B-B48552311534}.Debug|Any CPU.Build.0 = Debug|Any CPU
		{EDD72ADC-327C-4152-B84B-B48552311534}.Release|Any CPU.ActiveCfg = Release|Any CPU
		{EDD72ADC-327C-4152-B84B-B48552311534}.Release|Any CPU.Build.0 = Release|Any CPU
	EndGlobalSection
	GlobalSection(SolutionProperties) = preSolution
		HideSolutionNode = FALSE
	EndGlobalSection
	GlobalSection(ExtensibilityGlobals) = postSolution
		EnterpriseLibraryConfigurationToolBinariesPath = packages\Unity.2.1.505.2\lib\NET35;packages\Unity.Interception.2.1.505.2\lib\NET35;packages\EnterpriseLibrary.Common.5.0.505.0\lib\NET35;packages\EnterpriseLibrary.Logging.5.0.505.1\lib\NET35
	EndGlobalSection
	GlobalSection(MonoDevelopProperties) = preSolution
		StartupItem = ServiceStack.Logging.EventLog\ServiceStack.Logging.EventLog.csproj
	EndGlobalSection
EndGlobal
